
Microsoft Visual Studio Solution File, Format Version 12.00
# Visual Studio Version 17
VisualStudioVersion = 17.14.36212.18 d17.14
MinimumVisualStudioVersion = 10.0.40219.1
Project("{2150E333-8FDC-42A3-9474-1A3956D46DE8}") = "PrimeiroProjeto", "PrimeiroProjeto", "{02EA681E-C7D8-13C7-8484-4AC65E1B71E8}"
EndProject
Project("{FAE04EC0-301F-11D3-BF4B-00C04F79EFBC}") = "PrimeiroProjeto", "PrimeiroProjeto\PrimeiroProjeto.csproj", "{C799A9B6-D25C-4BED-B695-B7C9BA01490A}"
EndProject
Global
	GlobalSection(SolutionConfigurationPlatforms) = preSolution
		Debug|Any CPU = Debug|Any CPU
		Release|Any CPU = Release|Any CPU
	EndGlobalSection
	GlobalSection(ProjectConfigurationPlatforms) = postSolution
		{C799A9B6-D25C-4BED-B695-B7C9BA01490A}.Debug|Any CPU.ActiveCfg = Debug|Any CPU
		{C799A9B6-D25C-4BED-B695-B7C9BA01490A}.Debug|Any CPU.Build.0 = Debug|Any CPU
		{C799A9B6-D25C-4BED-B695-B7C9BA01490A}.Release|Any CPU.ActiveCfg = Release|Any CPU
		{C799A9B6-D25C-4BED-B695-B7C9BA01490A}.Release|Any CPU.Build.0 = Release|Any CPU
	EndGlobalSection
	GlobalSection(SolutionProperties) = preSolution
		HideSolutionNode = FALSE
	EndGlobalSection
	GlobalSection(NestedProjects) = preSolution
		{C799A9B6-D25C-4BED-B695-B7C9BA01490A} = {02EA681E-C7D8-13C7-8484-4AC65E1B71E8}
	EndGlobalSection
	GlobalSection(ExtensibilityGlobals) = postSolution
		SolutionGuid = {8D3F9D5F-1077-41B4-822B-3095158D9386}
	EndGlobalSection
EndGlobal
